
Microsoft Visual Studio Solution File, Format Version 12.00
Project("{FAE04EC0-301F-11D3-BF4B-00C04F79EFBC}") = "streaming_service", "streaming_service\streaming_service.csproj", "{3896B5BA-8E51-4E97-8AE6-25C1A92BB942}"
EndProject
Global
	GlobalSection(SolutionConfigurationPlatforms) = preSolution
		Debug|Any CPU = Debug|Any CPU
		Release|Any CPU = Release|Any CPU
	EndGlobalSection
	GlobalSection(ProjectConfigurationPlatforms) = postSolution
		{3896B5BA-8E51-4E97-8AE6-25C1A92BB942}.Debug|Any CPU.ActiveCfg = Debug|Any CPU
		{3896B5BA-8E51-4E97-8AE6-25C1A92BB942}.Debug|Any CPU.Build.0 = Debug|Any CPU
		{3896B5BA-8E51-4E97-8AE6-25C1A92BB942}.Release|Any CPU.ActiveCfg = Release|Any CPU
		{3896B5BA-8E51-4E97-8AE6-25C1A92BB942}.Release|Any CPU.Build.0 = Release|Any CPU
	EndGlobalSection
EndGlobal
